
Microsoft Visual Studio Solution File, Format Version 12.00
# Visual Studio Version 16
VisualStudioVersion = 16.0.31005.135
MinimumVisualStudioVersion = 10.0.40219.1
Project("{FAE04EC0-301F-11D3-BF4B-00C04F79EFBC}") = "GBD", "GBD\GBD.csproj", "{0F61CF8F-C376-41CA-8C74-8A9B87F256DD}"
EndProject
Project("{FAE04EC0-301F-11D3-BF4B-00C04F79EFBC}") = "GBD.Service", "GBD.Service\GBD.Service.csproj", "{C48F5E20-870D-4825-A3A7-E15D2AF4CB6B}"
EndProject
Project("{FAE04EC0-301F-11D3-BF4B-00C04F79EFBC}") = "GBD.Data", "GBD.Data\GBD.Data.csproj", "{0BBD8BC2-93CD-443E-8ACD-4BD552B1B294}"
EndProject
Global
	GlobalSection(SolutionConfigurationPlatforms) = preSolution
		Debug|Any CPU = Debug|Any CPU
		Release|Any CPU = Release|Any CPU
	EndGlobalSection
	GlobalSection(ProjectConfigurationPlatforms) = postSolution
		{0F61CF8F-C376-41CA-8C74-8A9B87F256DD}.Debug|Any CPU.ActiveCfg = Debug|Any CPU
		{0F61CF8F-C376-41CA-8C74-8A9B87F256DD}.Debug|Any CPU.Build.0 = Debug|Any CPU
		{0F61CF8F-C376-41CA-8C74-8A9B87F256DD}.Release|Any CPU.ActiveCfg = Release|Any CPU
		{0F61CF8F-C376-41CA-8C74-8A9B87F256DD}.Release|Any CPU.Build.0 = Release|Any CPU
		{C48F5E20-870D-4825-A3A7-E15D2AF4CB6B}.Debug|Any CPU.ActiveCfg = Debug|Any CPU
		{C48F5E20-870D-4825-A3A7-E15D2AF4CB6B}.Debug|Any CPU.Build.0 = Debug|Any CPU
		{C48F5E20-870D-4825-A3A7-E15D2AF4CB6B}.Release|Any CPU.ActiveCfg = Release|Any CPU
		{C48F5E20-870D-4825-A3A7-E15D2AF4CB6B}.Release|Any CPU.Build.0 = Release|Any CPU
		{0BBD8BC2-93CD-443E-8ACD-4BD552B1B294}.Debug|Any CPU.ActiveCfg = Debug|Any CPU
		{0BBD8BC2-93CD-443E-8ACD-4BD552B1B294}.Debug|Any CPU.Build.0 = Debug|Any CPU
		{0BBD8BC2-93CD-443E-8ACD-4BD552B1B294}.Release|Any CPU.ActiveCfg = Release|Any CPU
		{0BBD8BC2-93CD-443E-8ACD-4BD552B1B294}.Release|Any CPU.Build.0 = Release|Any CPU
	EndGlobalSection
	GlobalSection(SolutionProperties) = preSolution
		HideSolutionNode = FALSE
	EndGlobalSection
	GlobalSection(ExtensibilityGlobals) = postSolution
		SolutionGuid = {081B5274-F386-4BA2-9078-14ABAA22F23F}
	EndGlobalSection
EndGlobal
